
Microsoft Visual Studio Solution File, Format Version 12.00
# Visual Studio Version 16
VisualStudioVersion = 16.0.30413.136
MinimumVisualStudioVersion = 10.0.40219.1
Project("{FAE04EC0-301F-11D3-BF4B-00C04F79EFBC}") = "Ejercicios", "Ejercicios\Ejercicios.csproj", "{C4113927-BF1B-435F-81EF-CB7AED99DD76}"
EndProject
Project("{FAE04EC0-301F-11D3-BF4B-00C04F79EFBC}") = "ControlMedidas", "ControlMedidas\ControlMedidas.csproj", "{EAEAABE9-BD6A-484D-98B2-FCE523862209}"
EndProject
Project("{FAE04EC0-301F-11D3-BF4B-00C04F79EFBC}") = "Area_Volumen", "Area_Volumen\Area_Volumen.csproj", "{02F3185B-087D-4CB8-B67D-CB20BC509BC5}"
EndProject
Project("{FAE04EC0-301F-11D3-BF4B-00C04F79EFBC}") = "PagoEmpleados", "PagoEmpleados\PagoEmpleados.csproj", "{DB41C27C-82C0-47F0-AEB0-268BB4DF169B}"
EndProject
Global
	GlobalSection(SolutionConfigurationPlatforms) = preSolution
		Debug|Any CPU = Debug|Any CPU
		Release|Any CPU = Release|Any CPU
	EndGlobalSection
	GlobalSection(ProjectConfigurationPlatforms) = postSolution
		{C4113927-BF1B-435F-81EF-CB7AED99DD76}.Debug|Any CPU.ActiveCfg = Debug|Any CPU
		{C4113927-BF1B-435F-81EF-CB7AED99DD76}.Debug|Any CPU.Build.0 = Debug|Any CPU
		{C4113927-BF1B-435F-81EF-CB7AED99DD76}.Release|Any CPU.ActiveCfg = Release|Any CPU
		{C4113927-BF1B-435F-81EF-CB7AED99DD76}.Release|Any CPU.Build.0 = Release|Any CPU
		{EAEAABE9-BD6A-484D-98B2-FCE523862209}.Debug|Any CPU.ActiveCfg = Debug|Any CPU
		{EAEAABE9-BD6A-484D-98B2-FCE523862209}.Debug|Any CPU.Build.0 = Debug|Any CPU
		{EAEAABE9-BD6A-484D-98B2-FCE523862209}.Release|Any CPU.ActiveCfg = Release|Any CPU
		{EAEAABE9-BD6A-484D-98B2-FCE523862209}.Release|Any CPU.Build.0 = Release|Any CPU
		{02F3185B-087D-4CB8-B67D-CB20BC509BC5}.Debug|Any CPU.ActiveCfg = Debug|Any CPU
		{02F3185B-087D-4CB8-B67D-CB20BC509BC5}.Debug|Any CPU.Build.0 = Debug|Any CPU
		{02F3185B-087D-4CB8-B67D-CB20BC509BC5}.Release|Any CPU.ActiveCfg = Release|Any CPU
		{02F3185B-087D-4CB8-B67D-CB20BC509BC5}.Release|Any CPU.Build.0 = Release|Any CPU
		{DB41C27C-82C0-47F0-AEB0-268BB4DF169B}.Debug|Any CPU.ActiveCfg = Debug|Any CPU
		{DB41C27C-82C0-47F0-AEB0-268BB4DF169B}.Debug|Any CPU.Build.0 = Debug|Any CPU
		{DB41C27C-82C0-47F0-AEB0-268BB4DF169B}.Release|Any CPU.ActiveCfg = Release|Any CPU
		{DB41C27C-82C0-47F0-AEB0-268BB4DF169B}.Release|Any CPU.Build.0 = Release|Any CPU
	EndGlobalSection
	GlobalSection(SolutionProperties) = preSolution
		HideSolutionNode = FALSE
	EndGlobalSection
	GlobalSection(ExtensibilityGlobals) = postSolution
		SolutionGuid = {9D13FAB9-ECB8-4BD4-9AEF-E8D1DC4F2594}
	EndGlobalSection
EndGlobal
